
Microsoft Visual Studio Solution File, Format Version 12.00
# Visual Studio Version 16
VisualStudioVersion = 16.0.31911.196
MinimumVisualStudioVersion = 10.0.40219.1
Project("{FAE04EC0-301F-11D3-BF4B-00C04F79EFBC}") = "MvcCoreDemo", "MvcCoreDemo\MvcCoreDemo.csproj", "{1DBC56BA-F13E-4681-A89F-E8DE61E1FA74}"
EndProject
Project("{FAE04EC0-301F-11D3-BF4B-00C04F79EFBC}") = "EntityLayer", "EntityLayer\EntityLayer.csproj", "{F78E80EE-A472-4197-8D7E-3A3E3562AAB2}"
EndProject
Project("{FAE04EC0-301F-11D3-BF4B-00C04F79EFBC}") = "DataAccessLayer", "DataAccessLayer\DataAccessLayer.csproj", "{F5FD768A-4D45-48EB-B147-9C1B5FB405C9}"
EndProject
Project("{FAE04EC0-301F-11D3-BF4B-00C04F79EFBC}") = "BusinessLayer", "BusinessLayer\BusinessLayer.csproj", "{141A455A-1D87-4DD5-A3CC-9DF5C5A8DF9E}"
EndProject
Project("{FAE04EC0-301F-11D3-BF4B-00C04F79EFBC}") = "CoreLayer", "CoreLayer\CoreLayer.csproj", "{055E89A8-7918-4B64-9E7D-57DC6C3296D7}"
EndProject
Global
	GlobalSection(SolutionConfigurationPlatforms) = preSolution
		Debug|Any CPU = Debug|Any CPU
		Release|Any CPU = Release|Any CPU
	EndGlobalSection
	GlobalSection(ProjectConfigurationPlatforms) = postSolution
		{1DBC56BA-F13E-4681-A89F-E8DE61E1FA74}.Debug|Any CPU.ActiveCfg = Debug|Any CPU
		{1DBC56BA-F13E-4681-A89F-E8DE61E1FA74}.Debug|Any CPU.Build.0 = Debug|Any CPU
		{1DBC56BA-F13E-4681-A89F-E8DE61E1FA74}.Release|Any CPU.ActiveCfg = Release|Any CPU
		{1DBC56BA-F13E-4681-A89F-E8DE61E1FA74}.Release|Any CPU.Build.0 = Release|Any CPU
		{F78E80EE-A472-4197-8D7E-3A3E3562AAB2}.Debug|Any CPU.ActiveCfg = Debug|Any CPU
		{F78E80EE-A472-4197-8D7E-3A3E3562AAB2}.Debug|Any CPU.Build.0 = Debug|Any CPU
		{F78E80EE-A472-4197-8D7E-3A3E3562AAB2}.Release|Any CPU.ActiveCfg = Release|Any CPU
		{F78E80EE-A472-4197-8D7E-3A3E3562AAB2}.Release|Any CPU.Build.0 = Release|Any CPU
		{F5FD768A-4D45-48EB-B147-9C1B5FB405C9}.Debug|Any CPU.ActiveCfg = Debug|Any CPU
		{F5FD768A-4D45-48EB-B147-9C1B5FB405C9}.Debug|Any CPU.Build.0 = Debug|Any CPU
		{F5FD768A-4D45-48EB-B147-9C1B5FB405C9}.Release|Any CPU.ActiveCfg = Release|Any CPU
		{F5FD768A-4D45-48EB-B147-9C1B5FB405C9}.Release|Any CPU.Build.0 = Release|Any CPU
		{141A455A-1D87-4DD5-A3CC-9DF5C5A8DF9E}.Debug|Any CPU.ActiveCfg = Debug|Any CPU
		{141A455A-1D87-4DD5-A3CC-9DF5C5A8DF9E}.Debug|Any CPU.Build.0 = Debug|Any CPU
		{141A455A-1D87-4DD5-A3CC-9DF5C5A8DF9E}.Release|Any CPU.ActiveCfg = Release|Any CPU
		{141A455A-1D87-4DD5-A3CC-9DF5C5A8DF9E}.Release|Any CPU.Build.0 = Release|Any CPU
		{055E89A8-7918-4B64-9E7D-57DC6C3296D7}.Debug|Any CPU.ActiveCfg = Debug|Any CPU
		{055E89A8-7918-4B64-9E7D-57DC6C3296D7}.Debug|Any CPU.Build.0 = Debug|Any CPU
		{055E89A8-7918-4B64-9E7D-57DC6C3296D7}.Release|Any CPU.ActiveCfg = Release|Any CPU
		{055E89A8-7918-4B64-9E7D-57DC6C3296D7}.Release|Any CPU.Build.0 = Release|Any CPU
	EndGlobalSection
	GlobalSection(SolutionProperties) = preSolution
		HideSolutionNode = FALSE
	EndGlobalSection
	GlobalSection(ExtensibilityGlobals) = postSolution
		SolutionGuid = {373F39DA-3BA5-4026-B34E-43DFB5443C90}
	EndGlobalSection
EndGlobal
